<?xml version="1.0" encoding="UTF-8"?>
<!DOCTYPE plist PUBLIC "-//Apple//DTD PLIST 1.0//EN" "http://www.apple.com/DTDs/PropertyList-1.0.dtd">
<plist version="1.0">
<dict>
	<key>archiveVersion</key>
	<string>1</string>
	<key>classes</key>
	<dict/>
	<key>objectVersion</key>
	<string>46</string>
	<key>objects</key>
	<dict>
		<key>0E63941B71C2838DFDABE929</key>
		<dict>
			<key>children</key>
			<array>
				<string>9E9DD7A9F2A3533AE3427F97</string>
				<string>B80878321C40D335B5138154</string>
			</array>
			<key>isa</key>
			<string>PBXGroup</string>
			<key>name</key>
			<string>Pods</string>
			<key>sourceTree</key>
			<string>&lt;group&gt;</string>
		</dict>
		<key>247C4C3819F742DF00B65A93</key>
		<dict>
			<key>fileEncoding</key>
			<string>4</string>
			<key>isa</key>
			<string>PBXFileReference</string>
			<key>lastKnownFileType</key>
			<string>text.plist.xml</string>
			<key>path</key>
			<string>propiedadesUsuario.plist</string>
			<key>sourceTree</key>
			<string>&lt;group&gt;</string>
		</dict>
		<key>247C4C3919F742DF00B65A93</key>
		<dict>
			<key>fileRef</key>
			<string>247C4C3819F742DF00B65A93</string>
			<key>isa</key>
			<string>PBXBuildFile</string>
		</dict>
		<key>24BEC75619F77C8200B8D590</key>
		<dict>
			<key>isa</key>
			<string>PBXFileReference</string>
			<key>lastKnownFileType</key>
			<string>wrapper.framework</string>
			<key>name</key>
			<string>CoreData.framework</string>
			<key>path</key>
			<string>System/Library/Frameworks/CoreData.framework</string>
			<key>sourceTree</key>
			<string>SDKROOT</string>
		</dict>
		<key>24BEC75819F77CB000B8D590</key>
		<dict>
			<key>isa</key>
			<string>PBXFileReference</string>
			<key>lastKnownFileType</key>
			<string>wrapper.framework</string>
			<key>name</key>
			<string>Foundation.framework</string>
			<key>path</key>
			<string>System/Library/Frameworks/Foundation.framework</string>
			<key>sourceTree</key>
			<string>SDKROOT</string>
		</dict>
		<key>24BEC75A19F77CC800B8D590</key>
		<dict>
			<key>fileRef</key>
			<string>24BEC75819F77CB000B8D590</string>
			<key>isa</key>
			<string>PBXBuildFile</string>
		</dict>
		<key>24BEC75B19F77CC800B8D590</key>
		<dict>
			<key>fileRef</key>
			<string>24BEC75619F77C8200B8D590</string>
			<key>isa</key>
			<string>PBXBuildFile</string>
		</dict>
		<key>24BEC75C19F77CE400B8D590</key>
		<dict>
			<key>isa</key>
			<string>PBXFileReference</string>
			<key>lastKnownFileType</key>
			<string>wrapper.framework</string>
			<key>name</key>
			<string>UIKit.framework</string>
			<key>path</key>
			<string>System/Library/Frameworks/UIKit.framework</string>
			<key>sourceTree</key>
			<string>SDKROOT</string>
		</dict>
		<key>24BEC75E19F77CEC00B8D590</key>
		<dict>
			<key>fileRef</key>
			<string>24BEC75C19F77CE400B8D590</string>
			<key>isa</key>
			<string>PBXBuildFile</string>
		</dict>
		<key>24BEC77219F7A07F00B8D590</key>
		<dict>
			<key>isa</key>
			<string>PBXFileReference</string>
			<key>lastKnownFileType</key>
			<string>wrapper.framework</string>
			<key>name</key>
			<string>CFNetwork.framework</string>
			<key>path</key>
			<string>System/Library/Frameworks/CFNetwork.framework</string>
			<key>sourceTree</key>
			<string>SDKROOT</string>
		</dict>
		<key>24BEC77419F7A08C00B8D590</key>
		<dict>
			<key>fileRef</key>
			<string>24BEC77219F7A07F00B8D590</string>
			<key>isa</key>
			<string>PBXBuildFile</string>
		</dict>
		<key>24BEC77519F7A0F300B8D590</key>
		<dict>
			<key>isa</key>
			<string>PBXFileReference</string>
			<key>lastKnownFileType</key>
			<string>wrapper.framework</string>
			<key>name</key>
			<string>MobileCoreServices.framework</string>
			<key>path</key>
			<string>System/Library/Frameworks/MobileCoreServices.framework</string>
			<key>sourceTree</key>
			<string>SDKROOT</string>
		</dict>
		<key>24BEC77719F7A10200B8D590</key>
		<dict>
			<key>fileRef</key>
			<string>24BEC77519F7A0F300B8D590</string>
			<key>isa</key>
			<string>PBXBuildFile</string>
		</dict>
		<key>24BEC77819F7A11100B8D590</key>
		<dict>
			<key>isa</key>
			<string>PBXFileReference</string>
			<key>lastKnownFileType</key>
			<string>wrapper.framework</string>
			<key>name</key>
			<string>Security.framework</string>
			<key>path</key>
			<string>System/Library/Frameworks/Security.framework</string>
			<key>sourceTree</key>
			<string>SDKROOT</string>
		</dict>
		<key>24BEC77A19F7A12200B8D590</key>
		<dict>
			<key>fileRef</key>
			<string>24BEC77819F7A11100B8D590</string>
			<key>isa</key>
			<string>PBXBuildFile</string>
		</dict>
		<key>24BEC77B19F7A13200B8D590</key>
		<dict>
			<key>isa</key>
			<string>PBXFileReference</string>
			<key>lastKnownFileType</key>
			<string>wrapper.framework</string>
			<key>name</key>
			<string>SystemConfiguration.framework</string>
			<key>path</key>
			<string>System/Library/Frameworks/SystemConfiguration.framework</string>
			<key>sourceTree</key>
			<string>SDKROOT</string>
		</dict>
		<key>24BEC77D19F7A14400B8D590</key>
		<dict>
			<key>fileRef</key>
			<string>24BEC77B19F7A13200B8D590</string>
			<key>isa</key>
			<string>PBXBuildFile</string>
		</dict>
		<key>24BEC77E19F7A27A00B8D590</key>
		<dict>
			<key>fileEncoding</key>
			<string>4</string>
			<key>isa</key>
			<string>PBXFileReference</string>
			<key>lastKnownFileType</key>
			<string>sourcecode.c.h</string>
			<key>path</key>
			<string>Sischok-Prefix.pch</string>
			<key>sourceTree</key>
			<string>&lt;group&gt;</string>
		</dict>
		<key>24C6DBC119F70B2B0080B89D</key>
		<dict>
			<key>children</key>
			<array>
				<string>24C6DBCC19F70B2B0080B89D</string>
				<string>24C6DBE919F70B2C0080B89D</string>
				<string>24C6DBCB19F70B2B0080B89D</string>
				<string>24C6DC2019F71E8F0080B89D</string>
				<string>0E63941B71C2838DFDABE929</string>
				<string>FE0B8F8F0AF5F2FEBA8CC15B</string>
			</array>
			<key>isa</key>
			<string>PBXGroup</string>
			<key>sourceTree</key>
			<string>&lt;group&gt;</string>
		</dict>
		<key>24C6DBC219F70B2B0080B89D</key>
		<dict>
			<key>attributes</key>
			<dict>
				<key>LastUpgradeCheck</key>
				<string>0600</string>
				<key>ORGANIZATIONNAME</key>
				<string>Sischok inc</string>
				<key>TargetAttributes</key>
				<dict>
					<key>24C6DBC919F70B2B0080B89D</key>
					<dict>
						<key>CreatedOnToolsVersion</key>
						<string>6.0.1</string>
						<key>DevelopmentTeam</key>
						<string>GTCBS8XMHT</string>
					</dict>
					<key>24C6DBE519F70B2C0080B89D</key>
					<dict>
						<key>CreatedOnToolsVersion</key>
						<string>6.0.1</string>
						<key>TestTargetID</key>
						<string>24C6DBC919F70B2B0080B89D</string>
					</dict>
				</dict>
			</dict>
			<key>buildConfigurationList</key>
			<string>24C6DBC519F70B2B0080B89D</string>
			<key>compatibilityVersion</key>
			<string>Xcode 3.2</string>
			<key>developmentRegion</key>
			<string>English</string>
			<key>hasScannedForEncodings</key>
			<string>0</string>
			<key>isa</key>
			<string>PBXProject</string>
			<key>knownRegions</key>
			<array>
				<string>en</string>
				<string>Base</string>
			</array>
			<key>mainGroup</key>
			<string>24C6DBC119F70B2B0080B89D</string>
			<key>productRefGroup</key>
			<string>24C6DBCB19F70B2B0080B89D</string>
			<key>projectDirPath</key>
			<string></string>
			<key>projectReferences</key>
			<array/>
			<key>projectRoot</key>
			<string></string>
			<key>targets</key>
			<array>
				<string>24C6DBC919F70B2B0080B89D</string>
				<string>24C6DBE519F70B2C0080B89D</string>
			</array>
		</dict>
		<key>24C6DBC519F70B2B0080B89D</key>
		<dict>
			<key>buildConfigurations</key>
			<array>
				<string>24C6DBEE19F70B2C0080B89D</string>
				<string>24C6DBEF19F70B2C0080B89D</string>
			</array>
			<key>defaultConfigurationIsVisible</key>
			<string>0</string>
			<key>defaultConfigurationName</key>
			<string>Release</string>
			<key>isa</key>
			<string>XCConfigurationList</string>
		</dict>
		<key>24C6DBC619F70B2B0080B89D</key>
		<dict>
			<key>buildActionMask</key>
			<string>2147483647</string>
			<key>files</key>
			<array>
				<string>24C6DC1F19F719210080B89D</string>
				<string>24C6DC1319F7189C0080B89D</string>
				<string>24C6DC2319F71ECF0080B89D</string>
				<string>24C6DC0619F712700080B89D</string>
				<string>24C6DC0D19F7182B0080B89D</string>
				<string>24C6DBF919F70C840080B89D</string>
				<string>24C6DBD319F70B2B0080B89D</string>
				<string>24C6DC0319F70DC70080B89D</string>
				<string>24C6DC2919F725FA0080B89D</string>
				<string>24C6DBD619F70B2C0080B89D</string>
				<string>24C6DC1619F718C00080B89D</string>
				<string>24C6DC1919F718E50080B89D</string>
				<string>24C6DC1C19F718FD0080B89D</string>
				<string>24C6DC0A19F717F10080B89D</string>
				<string>24C6DC1019F7185C0080B89D</string>
				<string>24C6DBD019F70B2B0080B89D</string>
			</array>
			<key>isa</key>
			<string>PBXSourcesBuildPhase</string>
			<key>runOnlyForDeploymentPostprocessing</key>
			<string>0</string>
		</dict>
		<key>24C6DBC719F70B2B0080B89D</key>
		<dict>
			<key>buildActionMask</key>
			<string>2147483647</string>
			<key>files</key>
			<array>
				<string>24BEC77D19F7A14400B8D590</string>
				<string>24BEC77A19F7A12200B8D590</string>
				<string>24BEC77719F7A10200B8D590</string>
				<string>24BEC77419F7A08C00B8D590</string>
				<string>24BEC75A19F77CC800B8D590</string>
				<string>24BEC75B19F77CC800B8D590</string>
				<string>24BEC75E19F77CEC00B8D590</string>
				<string>E2ED502A6DBACFD647956B16</string>
			</array>
			<key>isa</key>
			<string>PBXFrameworksBuildPhase</string>
			<key>runOnlyForDeploymentPostprocessing</key>
			<string>0</string>
		</dict>
		<key>24C6DBC819F70B2B0080B89D</key>
		<dict>
			<key>buildActionMask</key>
			<string>2147483647</string>
			<key>files</key>
			<array>
				<string>24C6DBDC19F70B2C0080B89D</string>
				<string>24C6DBE119F70B2C0080B89D</string>
				<string>247C4C3919F742DF00B65A93</string>
				<string>24C6DBDE19F70B2C0080B89D</string>
				<string>24C6DBFF19F70CFC0080B89D</string>
				<string>24C6DBFE19F70CFC0080B89D</string>
			</array>
			<key>isa</key>
			<string>PBXResourcesBuildPhase</string>
			<key>runOnlyForDeploymentPostprocessing</key>
			<string>0</string>
		</dict>
		<key>24C6DBC919F70B2B0080B89D</key>
		<dict>
			<key>buildConfigurationList</key>
			<string>24C6DBF019F70B2C0080B89D</string>
			<key>buildPhases</key>
			<array>
				<string>45D72B8DDAD3F8939363446F</string>
				<string>24C6DBC619F70B2B0080B89D</string>
				<string>24C6DBC719F70B2B0080B89D</string>
				<string>24C6DBC819F70B2B0080B89D</string>
				<string>5226453560A47D8EB8A20CD8</string>
			</array>
			<key>buildRules</key>
			<array/>
			<key>dependencies</key>
			<array/>
			<key>isa</key>
			<string>PBXNativeTarget</string>
			<key>name</key>
			<string>Sischok</string>
			<key>productName</key>
			<string>Sischok</string>
			<key>productReference</key>
			<string>24C6DBCA19F70B2B0080B89D</string>
			<key>productType</key>
			<string>com.apple.product-type.application</string>
		</dict>
		<key>24C6DBCA19F70B2B0080B89D</key>
		<dict>
			<key>explicitFileType</key>
			<string>wrapper.application</string>
			<key>includeInIndex</key>
			<string>0</string>
			<key>isa</key>
			<string>PBXFileReference</string>
			<key>path</key>
			<string>Sischok.app</string>
			<key>sourceTree</key>
			<string>BUILT_PRODUCTS_DIR</string>
		</dict>
		<key>24C6DBCB19F70B2B0080B89D</key>
		<dict>
			<key>children</key>
			<array>
				<string>24C6DBCA19F70B2B0080B89D</string>
				<string>24C6DBE619F70B2C0080B89D</string>
			</array>
			<key>isa</key>
			<string>PBXGroup</string>
			<key>name</key>
			<string>Products</string>
			<key>sourceTree</key>
			<string>&lt;group&gt;</string>
		</dict>
		<key>24C6DBCC19F70B2B0080B89D</key>
		<dict>
			<key>children</key>
			<array>
				<string>24C6DBD119F70B2B0080B89D</string>
				<string>24C6DBD219F70B2B0080B89D</string>
				<string>24C6DC0719F7179A0080B89D</string>
				<string>24C6DC0019F70D5A0080B89D</string>
				<string>24C6DBFB19F70C990080B89D</string>
				<string>24C6DBDD19F70B2C0080B89D</string>
				<string>24C6DBCD19F70B2B0080B89D</string>
			</array>
			<key>isa</key>
			<string>PBXGroup</string>
			<key>path</key>
			<string>Sischok</string>
			<key>sourceTree</key>
			<string>&lt;group&gt;</string>
		</dict>
		<key>24C6DBCD19F70B2B0080B89D</key>
		<dict>
			<key>children</key>
			<array>
				<string>24C6DBFC19F70CFC0080B89D</string>
				<string>24C6DBFD19F70CFC0080B89D</string>
				<string>24C6DBCE19F70B2B0080B89D</string>
				<string>24C6DBCF19F70B2B0080B89D</string>
				<string>247C4C3819F742DF00B65A93</string>
				<string>24BEC77E19F7A27A00B8D590</string>
			</array>
			<key>isa</key>
			<string>PBXGroup</string>
			<key>name</key>
			<string>Supporting Files</string>
			<key>sourceTree</key>
			<string>&lt;group&gt;</string>
		</dict>
		<key>24C6DBCE19F70B2B0080B89D</key>
		<dict>
			<key>isa</key>
			<string>PBXFileReference</string>
			<key>lastKnownFileType</key>
			<string>text.plist.xml</string>
			<key>path</key>
			<string>Info.plist</string>
			<key>sourceTree</key>
			<string>&lt;group&gt;</string>
		</dict>
		<key>24C6DBCF19F70B2B0080B89D</key>
		<dict>
			<key>isa</key>
			<string>PBXFileReference</string>
			<key>lastKnownFileType</key>
			<string>sourcecode.c.objc</string>
			<key>path</key>
			<string>main.m</string>
			<key>sourceTree</key>
			<string>&lt;group&gt;</string>
		</dict>
		<key>24C6DBD019F70B2B0080B89D</key>
		<dict>
			<key>fileRef</key>
			<string>24C6DBCF19F70B2B0080B89D</string>
			<key>isa</key>
			<string>PBXBuildFile</string>
		</dict>
		<key>24C6DBD119F70B2B0080B89D</key>
		<dict>
			<key>isa</key>
			<string>PBXFileReference</string>
			<key>lastKnownFileType</key>
			<string>sourcecode.c.h</string>
			<key>path</key>
			<string>AppDelegate.h</string>
			<key>sourceTree</key>
			<string>&lt;group&gt;</string>
		</dict>
		<key>24C6DBD219F70B2B0080B89D</key>
		<dict>
			<key>isa</key>
			<string>PBXFileReference</string>
			<key>lastKnownFileType</key>
			<string>sourcecode.c.objc</string>
			<key>path</key>
			<string>AppDelegate.m</string>
			<key>sourceTree</key>
			<string>&lt;group&gt;</string>
		</dict>
		<key>24C6DBD319F70B2B0080B89D</key>
		<dict>
			<key>fileRef</key>
			<string>24C6DBD219F70B2B0080B89D</string>
			<key>isa</key>
			<string>PBXBuildFile</string>
		</dict>
		<key>24C6DBD419F70B2C0080B89D</key>
		<dict>
			<key>children</key>
			<array>
				<string>24C6DBD519F70B2C0080B89D</string>
			</array>
			<key>currentVersion</key>
			<string>24C6DBD519F70B2C0080B89D</string>
			<key>isa</key>
			<string>XCVersionGroup</string>
			<key>path</key>
			<string>Sischok.xcdatamodeld</string>
			<key>sourceTree</key>
			<string>&lt;group&gt;</string>
			<key>versionGroupType</key>
			<string>wrapper.xcdatamodel</string>
		</dict>
		<key>24C6DBD519F70B2C0080B89D</key>
		<dict>
			<key>isa</key>
			<string>PBXFileReference</string>
			<key>lastKnownFileType</key>
			<string>wrapper.xcdatamodel</string>
			<key>path</key>
			<string>Sischok.xcdatamodel</string>
			<key>sourceTree</key>
			<string>&lt;group&gt;</string>
		</dict>
		<key>24C6DBD619F70B2C0080B89D</key>
		<dict>
			<key>fileRef</key>
			<string>24C6DBD419F70B2C0080B89D</string>
			<key>isa</key>
			<string>PBXBuildFile</string>
		</dict>
		<key>24C6DBDA19F70B2C0080B89D</key>
		<dict>
			<key>children</key>
			<array>
				<string>24C6DBDB19F70B2C0080B89D</string>
			</array>
			<key>isa</key>
			<string>PBXVariantGroup</string>
			<key>name</key>
			<string>Main.storyboard</string>
			<key>sourceTree</key>
			<string>&lt;group&gt;</string>
		</dict>
		<key>24C6DBDB19F70B2C0080B89D</key>
		<dict>
			<key>isa</key>
			<string>PBXFileReference</string>
			<key>lastKnownFileType</key>
			<string>file.storyboard</string>
			<key>name</key>
			<string>Base</string>
			<key>path</key>
			<string>Base.lproj/Main.storyboard</string>
			<key>sourceTree</key>
			<string>&lt;group&gt;</string>
		</dict>
		<key>24C6DBDC19F70B2C0080B89D</key>
		<dict>
			<key>fileRef</key>
			<string>24C6DBDA19F70B2C0080B89D</string>
			<key>isa</key>
			<string>PBXBuildFile</string>
		</dict>
		<key>24C6DBDD19F70B2C0080B89D</key>
		<dict>
			<key>isa</key>
			<string>PBXFileReference</string>
			<key>lastKnownFileType</key>
			<string>folder.assetcatalog</string>
			<key>path</key>
			<string>Images.xcassets</string>
			<key>sourceTree</key>
			<string>&lt;group&gt;</string>
		</dict>
		<key>24C6DBDE19F70B2C0080B89D</key>
		<dict>
			<key>fileRef</key>
			<string>24C6DBDD19F70B2C0080B89D</string>
			<key>isa</key>
			<string>PBXBuildFile</string>
		</dict>
		<key>24C6DBDF19F70B2C0080B89D</key>
		<dict>
			<key>children</key>
			<array>
				<string>24C6DBE019F70B2C0080B89D</string>
			</array>
			<key>isa</key>
			<string>PBXVariantGroup</string>
			<key>name</key>
			<string>LaunchScreen.xib</string>
			<key>sourceTree</key>
			<string>&lt;group&gt;</string>
		</dict>
		<key>24C6DBE019F70B2C0080B89D</key>
		<dict>
			<key>isa</key>
			<string>PBXFileReference</string>
			<key>lastKnownFileType</key>
			<string>file.xib</string>
			<key>name</key>
			<string>Base</string>
			<key>path</key>
			<string>Base.lproj/LaunchScreen.xib</string>
			<key>sourceTree</key>
			<string>&lt;group&gt;</string>
		</dict>
		<key>24C6DBE119F70B2C0080B89D</key>
		<dict>
			<key>fileRef</key>
			<string>24C6DBDF19F70B2C0080B89D</string>
			<key>isa</key>
			<string>PBXBuildFile</string>
		</dict>
		<key>24C6DBE219F70B2C0080B89D</key>
		<dict>
			<key>buildActionMask</key>
			<string>2147483647</string>
			<key>files</key>
			<array>
				<string>24C6DBED19F70B2C0080B89D</string>
			</array>
			<key>isa</key>
			<string>PBXSourcesBuildPhase</string>
			<key>runOnlyForDeploymentPostprocessing</key>
			<string>0</string>
		</dict>
		<key>24C6DBE319F70B2C0080B89D</key>
		<dict>
			<key>buildActionMask</key>
			<string>2147483647</string>
			<key>files</key>
			<array/>
			<key>isa</key>
			<string>PBXFrameworksBuildPhase</string>
			<key>runOnlyForDeploymentPostprocessing</key>
			<string>0</string>
		</dict>
		<key>24C6DBE419F70B2C0080B89D</key>
		<dict>
			<key>buildActionMask</key>
			<string>2147483647</string>
			<key>files</key>
			<array/>
			<key>isa</key>
			<string>PBXResourcesBuildPhase</string>
			<key>runOnlyForDeploymentPostprocessing</key>
			<string>0</string>
		</dict>
		<key>24C6DBE519F70B2C0080B89D</key>
		<dict>
			<key>buildConfigurationList</key>
			<string>24C6DBF319F70B2C0080B89D</string>
			<key>buildPhases</key>
			<array>
				<string>24C6DBE219F70B2C0080B89D</string>
				<string>24C6DBE319F70B2C0080B89D</string>
				<string>24C6DBE419F70B2C0080B89D</string>
			</array>
			<key>buildRules</key>
			<array/>
			<key>dependencies</key>
			<array>
				<string>24C6DBE819F70B2C0080B89D</string>
			</array>
			<key>isa</key>
			<string>PBXNativeTarget</string>
			<key>name</key>
			<string>SischokTests</string>
			<key>productName</key>
			<string>SischokTests</string>
			<key>productReference</key>
			<string>24C6DBE619F70B2C0080B89D</string>
			<key>productType</key>
			<string>com.apple.product-type.bundle.unit-test</string>
		</dict>
		<key>24C6DBE619F70B2C0080B89D</key>
		<dict>
			<key>explicitFileType</key>
			<string>wrapper.cfbundle</string>
			<key>includeInIndex</key>
			<string>0</string>
			<key>isa</key>
			<string>PBXFileReference</string>
			<key>path</key>
			<string>SischokTests.xctest</string>
			<key>sourceTree</key>
			<string>BUILT_PRODUCTS_DIR</string>
		</dict>
		<key>24C6DBE719F70B2C0080B89D</key>
		<dict>
			<key>containerPortal</key>
			<string>24C6DBC219F70B2B0080B89D</string>
			<key>isa</key>
			<string>PBXContainerItemProxy</string>
			<key>proxyType</key>
			<string>1</string>
			<key>remoteGlobalIDString</key>
			<string>24C6DBC919F70B2B0080B89D</string>
			<key>remoteInfo</key>
			<string>Sischok</string>
		</dict>
		<key>24C6DBE819F70B2C0080B89D</key>
		<dict>
			<key>isa</key>
			<string>PBXTargetDependency</string>
			<key>target</key>
			<string>24C6DBC919F70B2B0080B89D</string>
			<key>targetProxy</key>
			<string>24C6DBE719F70B2C0080B89D</string>
		</dict>
		<key>24C6DBE919F70B2C0080B89D</key>
		<dict>
			<key>children</key>
			<array>
				<string>24C6DBEC19F70B2C0080B89D</string>
				<string>24C6DBEA19F70B2C0080B89D</string>
			</array>
			<key>isa</key>
			<string>PBXGroup</string>
			<key>path</key>
			<string>SischokTests</string>
			<key>sourceTree</key>
			<string>&lt;group&gt;</string>
		</dict>
		<key>24C6DBEA19F70B2C0080B89D</key>
		<dict>
			<key>children</key>
			<array>
				<string>24C6DBEB19F70B2C0080B89D</string>
			</array>
			<key>isa</key>
			<string>PBXGroup</string>
			<key>name</key>
			<string>Supporting Files</string>
			<key>sourceTree</key>
			<string>&lt;group&gt;</string>
		</dict>
		<key>24C6DBEB19F70B2C0080B89D</key>
		<dict>
			<key>isa</key>
			<string>PBXFileReference</string>
			<key>lastKnownFileType</key>
			<string>text.plist.xml</string>
			<key>path</key>
			<string>Info.plist</string>
			<key>sourceTree</key>
			<string>&lt;group&gt;</string>
		</dict>
		<key>24C6DBEC19F70B2C0080B89D</key>
		<dict>
			<key>isa</key>
			<string>PBXFileReference</string>
			<key>lastKnownFileType</key>
			<string>sourcecode.c.objc</string>
			<key>path</key>
			<string>SischokTests.m</string>
			<key>sourceTree</key>
			<string>&lt;group&gt;</string>
		</dict>
		<key>24C6DBED19F70B2C0080B89D</key>
		<dict>
			<key>fileRef</key>
			<string>24C6DBEC19F70B2C0080B89D</string>
			<key>isa</key>
			<string>PBXBuildFile</string>
		</dict>
		<key>24C6DBEE19F70B2C0080B89D</key>
		<dict>
			<key>buildSettings</key>
			<dict>
				<key>ALWAYS_SEARCH_USER_PATHS</key>
				<string>NO</string>
				<key>CLANG_CXX_LANGUAGE_STANDARD</key>
				<string>gnu++0x</string>
				<key>CLANG_CXX_LIBRARY</key>
				<string>libc++</string>
				<key>CLANG_ENABLE_MODULES</key>
				<string>YES</string>
				<key>CLANG_ENABLE_OBJC_ARC</key>
				<string>YES</string>
				<key>CLANG_WARN_BOOL_CONVERSION</key>
				<string>YES</string>
				<key>CLANG_WARN_CONSTANT_CONVERSION</key>
				<string>YES</string>
				<key>CLANG_WARN_DIRECT_OBJC_ISA_USAGE</key>
				<string>YES_ERROR</string>
				<key>CLANG_WARN_EMPTY_BODY</key>
				<string>YES</string>
				<key>CLANG_WARN_ENUM_CONVERSION</key>
				<string>YES</string>
				<key>CLANG_WARN_INT_CONVERSION</key>
				<string>YES</string>
				<key>CLANG_WARN_OBJC_ROOT_CLASS</key>
				<string>YES_ERROR</string>
				<key>CLANG_WARN_UNREACHABLE_CODE</key>
				<string>YES</string>
				<key>CLANG_WARN__DUPLICATE_METHOD_MATCH</key>
				<string>YES</string>
				<key>CODE_SIGN_IDENTITY[sdk=iphoneos*]</key>
				<string>iPhone Developer</string>
				<key>COPY_PHASE_STRIP</key>
				<string>NO</string>
				<key>ENABLE_STRICT_OBJC_MSGSEND</key>
				<string>YES</string>
				<key>GCC_C_LANGUAGE_STANDARD</key>
				<string>gnu99</string>
				<key>GCC_DYNAMIC_NO_PIC</key>
				<string>NO</string>
				<key>GCC_OPTIMIZATION_LEVEL</key>
				<string>0</string>
				<key>GCC_PREPROCESSOR_DEFINITIONS</key>
				<array>
					<string>DEBUG=1</string>
					<string>$(inherited)</string>
				</array>
				<key>GCC_SYMBOLS_PRIVATE_EXTERN</key>
				<string>NO</string>
				<key>GCC_WARN_64_TO_32_BIT_CONVERSION</key>
				<string>YES</string>
				<key>GCC_WARN_ABOUT_RETURN_TYPE</key>
				<string>YES_ERROR</string>
				<key>GCC_WARN_UNDECLARED_SELECTOR</key>
				<string>YES</string>
				<key>GCC_WARN_UNINITIALIZED_AUTOS</key>
				<string>YES_AGGRESSIVE</string>
				<key>GCC_WARN_UNUSED_FUNCTION</key>
				<string>YES</string>
				<key>GCC_WARN_UNUSED_VARIABLE</key>
				<string>YES</string>
				<key>IPHONEOS_DEPLOYMENT_TARGET</key>
				<string>8.1</string>
				<key>MTL_ENABLE_DEBUG_INFO</key>
				<string>YES</string>
				<key>ONLY_ACTIVE_ARCH</key>
				<string>YES</string>
				<key>SDKROOT</key>
				<string>iphoneos</string>
			</dict>
			<key>isa</key>
			<string>XCBuildConfiguration</string>
			<key>name</key>
			<string>Debug</string>
		</dict>
		<key>24C6DBEF19F70B2C0080B89D</key>
		<dict>
			<key>buildSettings</key>
			<dict>
				<key>ALWAYS_SEARCH_USER_PATHS</key>
				<string>NO</string>
				<key>CLANG_CXX_LANGUAGE_STANDARD</key>
				<string>gnu++0x</string>
				<key>CLANG_CXX_LIBRARY</key>
				<string>libc++</string>
				<key>CLANG_ENABLE_MODULES</key>
				<string>YES</string>
				<key>CLANG_ENABLE_OBJC_ARC</key>
				<string>YES</string>
				<key>CLANG_WARN_BOOL_CONVERSION</key>
				<string>YES</string>
				<key>CLANG_WARN_CONSTANT_CONVERSION</key>
				<string>YES</string>
				<key>CLANG_WARN_DIRECT_OBJC_ISA_USAGE</key>
				<string>YES_ERROR</string>
				<key>CLANG_WARN_EMPTY_BODY</key>
				<string>YES</string>
				<key>CLANG_WARN_ENUM_CONVERSION</key>
				<string>YES</string>
				<key>CLANG_WARN_INT_CONVERSION</key>
				<string>YES</string>
				<key>CLANG_WARN_OBJC_ROOT_CLASS</key>
				<string>YES_ERROR</string>
				<key>CLANG_WARN_UNREACHABLE_CODE</key>
				<string>YES</string>
				<key>CLANG_WARN__DUPLICATE_METHOD_MATCH</key>
				<string>YES</string>
				<key>CODE_SIGN_IDENTITY[sdk=iphoneos*]</key>
				<string>iPhone Developer</string>
				<key>COPY_PHASE_STRIP</key>
				<string>YES</string>
				<key>ENABLE_NS_ASSERTIONS</key>
				<string>NO</string>
				<key>ENABLE_STRICT_OBJC_MSGSEND</key>
				<string>YES</string>
				<key>GCC_C_LANGUAGE_STANDARD</key>
				<string>gnu99</string>
				<key>GCC_WARN_64_TO_32_BIT_CONVERSION</key>
				<string>YES</string>
				<key>GCC_WARN_ABOUT_RETURN_TYPE</key>
				<string>YES_ERROR</string>
				<key>GCC_WARN_UNDECLARED_SELECTOR</key>
				<string>YES</string>
				<key>GCC_WARN_UNINITIALIZED_AUTOS</key>
				<string>YES_AGGRESSIVE</string>
				<key>GCC_WARN_UNUSED_FUNCTION</key>
				<string>YES</string>
				<key>GCC_WARN_UNUSED_VARIABLE</key>
				<string>YES</string>
				<key>IPHONEOS_DEPLOYMENT_TARGET</key>
				<string>8.1</string>
				<key>MTL_ENABLE_DEBUG_INFO</key>
				<string>NO</string>
				<key>SDKROOT</key>
				<string>iphoneos</string>
				<key>VALIDATE_PRODUCT</key>
				<string>YES</string>
			</dict>
			<key>isa</key>
			<string>XCBuildConfiguration</string>
			<key>name</key>
			<string>Release</string>
		</dict>
		<key>24C6DBF019F70B2C0080B89D</key>
		<dict>
			<key>buildConfigurations</key>
			<array>
				<string>24C6DBF119F70B2C0080B89D</string>
				<string>24C6DBF219F70B2C0080B89D</string>
			</array>
			<key>defaultConfigurationIsVisible</key>
			<string>0</string>
			<key>defaultConfigurationName</key>
			<string>Release</string>
			<key>isa</key>
			<string>XCConfigurationList</string>
		</dict>
		<key>24C6DBF119F70B2C0080B89D</key>
		<dict>
			<key>baseConfigurationReference</key>
			<string>9E9DD7A9F2A3533AE3427F97</string>
			<key>buildSettings</key>
			<dict>
				<key>ASSETCATALOG_COMPILER_APPICON_NAME</key>
				<string>AppIcon</string>
				<key>CODE_SIGN_IDENTITY</key>
				<string>iPhone Developer</string>
				<key>HEADER_SEARCH_PATHS</key>
				<array>
					<string>$(inherited)</string>
					<string>/Applications/Xcode.app/Contents/Developer/Toolchains/XcodeDefault.xctoolchain/usr/include</string>
					<string>"$(BUILT_PRODUCTS_DIR)/../../Headers"</string>
				</array>
				<key>INFOPLIST_FILE</key>
				<string>Sischok/Info.plist</string>
				<key>LD_RUNPATH_SEARCH_PATHS</key>
				<string>$(inherited) @executable_path/Frameworks</string>
				<key>OTHER_LDFLAGS</key>
				<string>-ObjC</string>
				<key>PRODUCT_NAME</key>
				<string>$(TARGET_NAME)</string>
			</dict>
			<key>isa</key>
			<string>XCBuildConfiguration</string>
			<key>name</key>
			<string>Debug</string>
		</dict>
		<key>24C6DBF219F70B2C0080B89D</key>
		<dict>
			<key>baseConfigurationReference</key>
			<string>B80878321C40D335B5138154</string>
			<key>buildSettings</key>
			<dict>
				<key>ASSETCATALOG_COMPILER_APPICON_NAME</key>
				<string>AppIcon</string>
				<key>CODE_SIGN_IDENTITY</key>
				<string>iPhone Developer</string>
				<key>HEADER_SEARCH_PATHS</key>
				<array>
					<string>$(inherited)</string>
					<string>/Applications/Xcode.app/Contents/Developer/Toolchains/XcodeDefault.xctoolchain/usr/include</string>
					<string>"$(BUILT_PRODUCTS_DIR)/../../Headers"</string>
				</array>
				<key>INFOPLIST_FILE</key>
				<string>Sischok/Info.plist</string>
				<key>LD_RUNPATH_SEARCH_PATHS</key>
				<string>$(inherited) @executable_path/Frameworks</string>
				<key>OTHER_LDFLAGS</key>
				<string>-ObjC</string>
				<key>PRODUCT_NAME</key>
				<string>$(TARGET_NAME)</string>
			</dict>
			<key>isa</key>
			<string>XCBuildConfiguration</string>
			<key>name</key>
			<string>Release</string>
		</dict>
		<key>24C6DBF319F70B2C0080B89D</key>
		<dict>
			<key>buildConfigurations</key>
			<array>
				<string>24C6DBF419F70B2C0080B89D</string>
				<string>24C6DBF519F70B2C0080B89D</string>
			</array>
			<key>defaultConfigurationIsVisible</key>
			<string>0</string>
			<key>defaultConfigurationName</key>
			<string>Release</string>
			<key>isa</key>
			<string>XCConfigurationList</string>
		</dict>
		<key>24C6DBF419F70B2C0080B89D</key>
		<dict>
			<key>buildSettings</key>
			<dict>
				<key>BUNDLE_LOADER</key>
				<string>$(TEST_HOST)</string>
				<key>FRAMEWORK_SEARCH_PATHS</key>
				<array>
					<string>$(SDKROOT)/Developer/Library/Frameworks</string>
					<string>$(inherited)</string>
				</array>
				<key>GCC_PREPROCESSOR_DEFINITIONS</key>
				<array>
					<string>DEBUG=1</string>
					<string>$(inherited)</string>
				</array>
				<key>INFOPLIST_FILE</key>
				<string>SischokTests/Info.plist</string>
				<key>LD_RUNPATH_SEARCH_PATHS</key>
				<string>$(inherited) @executable_path/Frameworks @loader_path/Frameworks</string>
				<key>PRODUCT_NAME</key>
				<string>$(TARGET_NAME)</string>
				<key>TEST_HOST</key>
				<string>$(BUILT_PRODUCTS_DIR)/Sischok.app/Sischok</string>
			</dict>
			<key>isa</key>
			<string>XCBuildConfiguration</string>
			<key>name</key>
			<string>Debug</string>
		</dict>
		<key>24C6DBF519F70B2C0080B89D</key>
		<dict>
			<key>buildSettings</key>
			<dict>
				<key>BUNDLE_LOADER</key>
				<string>$(TEST_HOST)</string>
				<key>FRAMEWORK_SEARCH_PATHS</key>
				<array>
					<string>$(SDKROOT)/Developer/Library/Frameworks</string>
					<string>$(inherited)</string>
				</array>
				<key>INFOPLIST_FILE</key>
				<string>SischokTests/Info.plist</string>
				<key>LD_RUNPATH_SEARCH_PATHS</key>
				<string>$(inherited) @executable_path/Frameworks @loader_path/Frameworks</string>
				<key>PRODUCT_NAME</key>
				<string>$(TARGET_NAME)</string>
				<key>TEST_HOST</key>
				<string>$(BUILT_PRODUCTS_DIR)/Sischok.app/Sischok</string>
			</dict>
			<key>isa</key>
			<string>XCBuildConfiguration</string>
			<key>name</key>
			<string>Release</string>
		</dict>
		<key>24C6DBF719F70C840080B89D</key>
		<dict>
			<key>fileEncoding</key>
			<string>4</string>
			<key>isa</key>
			<string>PBXFileReference</string>
			<key>lastKnownFileType</key>
			<string>sourcecode.c.h</string>
			<key>name</key>
			<string>Incidente.h</string>
			<key>path</key>
			<string>NSManageBeans/Incidente.h</string>
			<key>sourceTree</key>
			<string>&lt;group&gt;</string>
		</dict>
		<key>24C6DBF819F70C840080B89D</key>
		<dict>
			<key>fileEncoding</key>
			<string>4</string>
			<key>isa</key>
			<string>PBXFileReference</string>
			<key>lastKnownFileType</key>
			<string>sourcecode.c.objc</string>
			<key>name</key>
			<string>Incidente.m</string>
			<key>path</key>
			<string>NSManageBeans/Incidente.m</string>
			<key>sourceTree</key>
			<string>&lt;group&gt;</string>
		</dict>
		<key>24C6DBF919F70C840080B89D</key>
		<dict>
			<key>fileRef</key>
			<string>24C6DBF819F70C840080B89D</string>
			<key>isa</key>
			<string>PBXBuildFile</string>
		</dict>
		<key>24C6DBFA19F70C8E0080B89D</key>
		<dict>
			<key>children</key>
			<array>
				<string>24C6DBF719F70C840080B89D</string>
				<string>24C6DBF819F70C840080B89D</string>
				<string>24C6DC0419F712700080B89D</string>
				<string>24C6DC0519F712700080B89D</string>
			</array>
			<key>isa</key>
			<string>PBXGroup</string>
			<key>name</key>
			<string>NSManageBeans</string>
			<key>sourceTree</key>
			<string>&lt;group&gt;</string>
		</dict>
		<key>24C6DBFB19F70C990080B89D</key>
		<dict>
			<key>children</key>
			<array>
				<string>24C6DBFA19F70C8E0080B89D</string>
				<string>24C6DBD419F70B2C0080B89D</string>
			</array>
			<key>isa</key>
			<string>PBXGroup</string>
			<key>name</key>
			<string>Persistencia</string>
			<key>sourceTree</key>
			<string>&lt;group&gt;</string>
		</dict>
		<key>24C6DBFC19F70CFC0080B89D</key>
		<dict>
			<key>fileEncoding</key>
			<string>4</string>
			<key>isa</key>
			<string>PBXFileReference</string>
			<key>lastKnownFileType</key>
			<string>text.json</string>
			<key>path</key>
			<string>localidades.json</string>
			<key>sourceTree</key>
			<string>&lt;group&gt;</string>
		</dict>
		<key>24C6DBFD19F70CFC0080B89D</key>
		<dict>
			<key>fileEncoding</key>
			<string>4</string>
			<key>isa</key>
			<string>PBXFileReference</string>
			<key>lastKnownFileType</key>
			<string>text.json</string>
			<key>path</key>
			<string>incidentesbasicos.json</string>
			<key>sourceTree</key>
			<string>&lt;group&gt;</string>
		</dict>
		<key>24C6DBFE19F70CFC0080B89D</key>
		<dict>
			<key>fileRef</key>
			<string>24C6DBFC19F70CFC0080B89D</string>
			<key>isa</key>
			<string>PBXBuildFile</string>
		</dict>
		<key>24C6DBFF19F70CFC0080B89D</key>
		<dict>
			<key>fileRef</key>
			<string>24C6DBFD19F70CFC0080B89D</string>
			<key>isa</key>
			<string>PBXBuildFile</string>
		</dict>
		<key>24C6DC0019F70D5A0080B89D</key>
		<dict>
			<key>children</key>
			<array>
				<string>24C6DC0119F70DC70080B89D</string>
				<string>24C6DC0219F70DC70080B89D</string>
			</array>
			<key>isa</key>
			<string>PBXGroup</string>
			<key>name</key>
			<string>Mundos</string>
			<key>sourceTree</key>
			<string>&lt;group&gt;</string>
		</dict>
		<key>24C6DC0119F70DC70080B89D</key>
		<dict>
			<key>fileEncoding</key>
			<string>4</string>
			<key>isa</key>
			<string>PBXFileReference</string>
			<key>lastKnownFileType</key>
			<string>sourcecode.c.h</string>
			<key>name</key>
			<string>CentroIncidentes.h</string>
			<key>path</key>
			<string>Mundos/CentroIncidentes.h</string>
			<key>sourceTree</key>
			<string>&lt;group&gt;</string>
		</dict>
		<key>24C6DC0219F70DC70080B89D</key>
		<dict>
			<key>fileEncoding</key>
			<string>4</string>
			<key>isa</key>
			<string>PBXFileReference</string>
			<key>lastKnownFileType</key>
			<string>sourcecode.c.objc</string>
			<key>name</key>
			<string>CentroIncidentes.m</string>
			<key>path</key>
			<string>Mundos/CentroIncidentes.m</string>
			<key>sourceTree</key>
			<string>&lt;group&gt;</string>
		</dict>
		<key>24C6DC0319F70DC70080B89D</key>
		<dict>
			<key>fileRef</key>
			<string>24C6DC0219F70DC70080B89D</string>
			<key>isa</key>
			<string>PBXBuildFile</string>
		</dict>
		<key>24C6DC0419F712700080B89D</key>
		<dict>
			<key>fileEncoding</key>
			<string>4</string>
			<key>isa</key>
			<string>PBXFileReference</string>
			<key>lastKnownFileType</key>
			<string>sourcecode.c.h</string>
			<key>name</key>
			<string>Incidente+Crear.h</string>
			<key>path</key>
			<string>NSManageBeans/Incidente+Crear.h</string>
			<key>sourceTree</key>
			<string>&lt;group&gt;</string>
		</dict>
		<key>24C6DC0519F712700080B89D</key>
		<dict>
			<key>fileEncoding</key>
			<string>4</string>
			<key>isa</key>
			<string>PBXFileReference</string>
			<key>lastKnownFileType</key>
			<string>sourcecode.c.objc</string>
			<key>name</key>
			<string>Incidente+Crear.m</string>
			<key>path</key>
			<string>NSManageBeans/Incidente+Crear.m</string>
			<key>sourceTree</key>
			<string>&lt;group&gt;</string>
		</dict>
		<key>24C6DC0619F712700080B89D</key>
		<dict>
			<key>fileRef</key>
			<string>24C6DC0519F712700080B89D</string>
			<key>isa</key>
			<string>PBXBuildFile</string>
		</dict>
		<key>24C6DC0719F7179A0080B89D</key>
		<dict>
			<key>children</key>
			<array>
				<string>24C6DC1719F718E50080B89D</string>
				<string>24C6DC1819F718E50080B89D</string>
				<string>24C6DC0819F717F10080B89D</string>
				<string>24C6DC0919F717F10080B89D</string>
				<string>24C6DC0B19F7182B0080B89D</string>
				<string>24C6DC0C19F7182B0080B89D</string>
				<string>24C6DC1119F7189C0080B89D</string>
				<string>24C6DC1219F7189C0080B89D</string>
				<string>24C6DC0E19F7185C0080B89D</string>
				<string>24C6DC0F19F7185C0080B89D</string>
				<string>24C6DC1419F718C00080B89D</string>
				<string>24C6DC1519F718C00080B89D</string>
				<string>24C6DC1A19F718FD0080B89D</string>
				<string>24C6DC1B19F718FD0080B89D</string>
				<string>24C6DC1D19F719210080B89D</string>
				<string>24C6DC1E19F719210080B89D</string>
				<string>24C6DBDA19F70B2C0080B89D</string>
				<string>24C6DBDF19F70B2C0080B89D</string>
				<string>24C6DC2719F725FA0080B89D</string>
				<string>24C6DC2819F725FA0080B89D</string>
			</array>
			<key>isa</key>
			<string>PBXGroup</string>
			<key>name</key>
			<string>Interfaz</string>
			<key>sourceTree</key>
			<string>&lt;group&gt;</string>
		</dict>
		<key>24C6DC0819F717F10080B89D</key>
		<dict>
			<key>fileEncoding</key>
			<string>4</string>
			<key>isa</key>
			<string>PBXFileReference</string>
			<key>lastKnownFileType</key>
			<string>sourcecode.c.h</string>
			<key>name</key>
			<string>InicioViewController.h</string>
			<key>path</key>
			<string>Interfaz/InicioViewController.h</string>
			<key>sourceTree</key>
			<string>&lt;group&gt;</string>
		</dict>
		<key>24C6DC0919F717F10080B89D</key>
		<dict>
			<key>fileEncoding</key>
			<string>4</string>
			<key>isa</key>
			<string>PBXFileReference</string>
			<key>lastKnownFileType</key>
			<string>sourcecode.c.objc</string>
			<key>name</key>
			<string>InicioViewController.m</string>
			<key>path</key>
			<string>Interfaz/InicioViewController.m</string>
			<key>sourceTree</key>
			<string>&lt;group&gt;</string>
		</dict>
		<key>24C6DC0A19F717F10080B89D</key>
		<dict>
			<key>fileRef</key>
			<string>24C6DC0919F717F10080B89D</string>
			<key>isa</key>
			<string>PBXBuildFile</string>
		</dict>
		<key>24C6DC0B19F7182B0080B89D</key>
		<dict>
			<key>fileEncoding</key>
			<string>4</string>
			<key>isa</key>
			<string>PBXFileReference</string>
			<key>lastKnownFileType</key>
			<string>sourcecode.c.h</string>
			<key>name</key>
			<string>CrearIncidenteBarriosViewController.h</string>
			<key>path</key>
			<string>Interfaz/CrearIncidenteBarriosViewController.h</string>
			<key>sourceTree</key>
			<string>&lt;group&gt;</string>
		</dict>
		<key>24C6DC0C19F7182B0080B89D</key>
		<dict>
			<key>fileEncoding</key>
			<string>4</string>
			<key>isa</key>
			<string>PBXFileReference</string>
			<key>lastKnownFileType</key>
			<string>sourcecode.c.objc</string>
			<key>name</key>
			<string>CrearIncidenteBarriosViewController.m</string>
			<key>path</key>
			<string>Interfaz/CrearIncidenteBarriosViewController.m</string>
			<key>sourceTree</key>
			<string>&lt;group&gt;</string>
		</dict>
		<key>24C6DC0D19F7182B0080B89D</key>
		<dict>
			<key>fileRef</key>
			<string>24C6DC0C19F7182B0080B89D</string>
			<key>isa</key>
			<string>PBXBuildFile</string>
		</dict>
		<key>24C6DC0E19F7185C0080B89D</key>
		<dict>
			<key>fileEncoding</key>
			<string>4</string>
			<key>isa</key>
			<string>PBXFileReference</string>
			<key>lastKnownFileType</key>
			<string>sourcecode.c.h</string>
			<key>name</key>
			<string>CrearIncidenteGPSViewController.h</string>
			<key>path</key>
			<string>Interfaz/CrearIncidenteGPSViewController.h</string>
			<key>sourceTree</key>
			<string>&lt;group&gt;</string>
		</dict>
		<key>24C6DC0F19F7185C0080B89D</key>
		<dict>
			<key>fileEncoding</key>
			<string>4</string>
			<key>isa</key>
			<string>PBXFileReference</string>
			<key>lastKnownFileType</key>
			<string>sourcecode.c.objc</string>
			<key>name</key>
			<string>CrearIncidenteGPSViewController.m</string>
			<key>path</key>
			<string>Interfaz/CrearIncidenteGPSViewController.m</string>
			<key>sourceTree</key>
			<string>&lt;group&gt;</string>
		</dict>
		<key>24C6DC1019F7185C0080B89D</key>
		<dict>
			<key>fileRef</key>
			<string>24C6DC0F19F7185C0080B89D</string>
			<key>isa</key>
			<string>PBXBuildFile</string>
		</dict>
		<key>24C6DC1119F7189C0080B89D</key>
		<dict>
			<key>fileEncoding</key>
			<string>4</string>
			<key>isa</key>
			<string>PBXFileReference</string>
			<key>lastKnownFileType</key>
			<string>sourcecode.c.h</string>
			<key>name</key>
			<string>CrearIncidenteDescripcionViewController.h</string>
			<key>path</key>
			<string>Interfaz/CrearIncidenteDescripcionViewController.h</string>
			<key>sourceTree</key>
			<string>&lt;group&gt;</string>
		</dict>
		<key>24C6DC1219F7189C0080B89D</key>
		<dict>
			<key>fileEncoding</key>
			<string>4</string>
			<key>isa</key>
			<string>PBXFileReference</string>
			<key>lastKnownFileType</key>
			<string>sourcecode.c.objc</string>
			<key>name</key>
			<string>CrearIncidenteDescripcionViewController.m</string>
			<key>path</key>
			<string>Interfaz/CrearIncidenteDescripcionViewController.m</string>
			<key>sourceTree</key>
			<string>&lt;group&gt;</string>
		</dict>
		<key>24C6DC1319F7189C0080B89D</key>
		<dict>
			<key>fileRef</key>
			<string>24C6DC1219F7189C0080B89D</string>
			<key>isa</key>
			<string>PBXBuildFile</string>
		</dict>
		<key>24C6DC1419F718C00080B89D</key>
		<dict>
			<key>fileEncoding</key>
			<string>4</string>
			<key>isa</key>
			<string>PBXFileReference</string>
			<key>lastKnownFileType</key>
			<string>sourcecode.c.h</string>
			<key>name</key>
			<string>CrearIncidenteConLatLngViewController.h</string>
			<key>path</key>
			<string>Interfaz/CrearIncidenteConLatLngViewController.h</string>
			<key>sourceTree</key>
			<string>&lt;group&gt;</string>
		</dict>
		<key>24C6DC1519F718C00080B89D</key>
		<dict>
			<key>fileEncoding</key>
			<string>4</string>
			<key>isa</key>
			<string>PBXFileReference</string>
			<key>lastKnownFileType</key>
			<string>sourcecode.c.objc</string>
			<key>name</key>
			<string>CrearIncidenteConLatLngViewController.m</string>
			<key>path</key>
			<string>Interfaz/CrearIncidenteConLatLngViewController.m</string>
			<key>sourceTree</key>
			<string>&lt;group&gt;</string>
		</dict>
		<key>24C6DC1619F718C00080B89D</key>
		<dict>
			<key>fileRef</key>
			<string>24C6DC1519F718C00080B89D</string>
			<key>isa</key>
			<string>PBXBuildFile</string>
		</dict>
		<key>24C6DC1719F718E50080B89D</key>
		<dict>
			<key>fileEncoding</key>
			<string>4</string>
			<key>isa</key>
			<string>PBXFileReference</string>
			<key>lastKnownFileType</key>
			<string>sourcecode.c.h</string>
			<key>name</key>
			<string>DetalleIncidenteViewController.h</string>
			<key>path</key>
			<string>Interfaz/DetalleIncidenteViewController.h</string>
			<key>sourceTree</key>
			<string>&lt;group&gt;</string>
		</dict>
		<key>24C6DC1819F718E50080B89D</key>
		<dict>
			<key>fileEncoding</key>
			<string>4</string>
			<key>isa</key>
			<string>PBXFileReference</string>
			<key>lastKnownFileType</key>
			<string>sourcecode.c.objc</string>
			<key>name</key>
			<string>DetalleIncidenteViewController.m</string>
			<key>path</key>
			<string>Interfaz/DetalleIncidenteViewController.m</string>
			<key>sourceTree</key>
			<string>&lt;group&gt;</string>
		</dict>
		<key>24C6DC1919F718E50080B89D</key>
		<dict>
			<key>fileRef</key>
			<string>24C6DC1819F718E50080B89D</string>
			<key>isa</key>
			<string>PBXBuildFile</string>
		</dict>
		<key>24C6DC1A19F718FD0080B89D</key>
		<dict>
			<key>fileEncoding</key>
			<string>4</string>
			<key>isa</key>
			<string>PBXFileReference</string>
			<key>lastKnownFileType</key>
			<string>sourcecode.c.h</string>
			<key>name</key>
			<string>ConsultarIncidenteViewController.h</string>
			<key>path</key>
			<string>Interfaz/ConsultarIncidenteViewController.h</string>
			<key>sourceTree</key>
			<string>&lt;group&gt;</string>
		</dict>
		<key>24C6DC1B19F718FD0080B89D</key>
		<dict>
			<key>fileEncoding</key>
			<string>4</string>
			<key>isa</key>
			<string>PBXFileReference</string>
			<key>lastKnownFileType</key>
			<string>sourcecode.c.objc</string>
			<key>name</key>
			<string>ConsultarIncidenteViewController.m</string>
			<key>path</key>
			<string>Interfaz/ConsultarIncidenteViewController.m</string>
			<key>sourceTree</key>
			<string>&lt;group&gt;</string>
		</dict>
		<key>24C6DC1C19F718FD0080B89D</key>
		<dict>
			<key>fileRef</key>
			<string>24C6DC1B19F718FD0080B89D</string>
			<key>isa</key>
			<string>PBXBuildFile</string>
		</dict>
		<key>24C6DC1D19F719210080B89D</key>
		<dict>
			<key>fileEncoding</key>
			<string>4</string>
			<key>isa</key>
			<string>PBXFileReference</string>
			<key>lastKnownFileType</key>
			<string>sourcecode.c.h</string>
			<key>name</key>
			<string>VerResultadosIncidentesViewController.h</string>
			<key>path</key>
			<string>Interfaz/VerResultadosIncidentesViewController.h</string>
			<key>sourceTree</key>
			<string>&lt;group&gt;</string>
		</dict>
		<key>24C6DC1E19F719210080B89D</key>
		<dict>
			<key>fileEncoding</key>
			<string>4</string>
			<key>isa</key>
			<string>PBXFileReference</string>
			<key>lastKnownFileType</key>
			<string>sourcecode.c.objc</string>
			<key>name</key>
			<string>VerResultadosIncidentesViewController.m</string>
			<key>path</key>
			<string>Interfaz/VerResultadosIncidentesViewController.m</string>
			<key>sourceTree</key>
			<string>&lt;group&gt;</string>
		</dict>
		<key>24C6DC1F19F719210080B89D</key>
		<dict>
			<key>fileRef</key>
			<string>24C6DC1E19F719210080B89D</string>
			<key>isa</key>
			<string>PBXBuildFile</string>
		</dict>
		<key>24C6DC2019F71E8F0080B89D</key>
		<dict>
			<key>children</key>
			<array>
				<string>24BEC77B19F7A13200B8D590</string>
				<string>24BEC77819F7A11100B8D590</string>
				<string>24BEC77519F7A0F300B8D590</string>
				<string>24BEC77219F7A07F00B8D590</string>
				<string>24BEC75C19F77CE400B8D590</string>
				<string>24BEC75819F77CB000B8D590</string>
				<string>24BEC75619F77C8200B8D590</string>
				<string>24C6DC2119F71ECF0080B89D</string>
				<string>24C6DC2219F71ECF0080B89D</string>
			</array>
			<key>isa</key>
			<string>PBXGroup</string>
			<key>name</key>
			<string>Librerias</string>
			<key>path</key>
			<string>Sischok</string>
			<key>sourceTree</key>
			<string>&lt;group&gt;</string>
		</dict>
		<key>24C6DC2119F71ECF0080B89D</key>
		<dict>
			<key>fileEncoding</key>
			<string>4</string>
			<key>isa</key>
			<string>PBXFileReference</string>
			<key>lastKnownFileType</key>
			<string>sourcecode.c.h</string>
			<key>path</key>
			<string>SWRevealViewController.h</string>
			<key>sourceTree</key>
			<string>&lt;group&gt;</string>
		</dict>
		<key>24C6DC2219F71ECF0080B89D</key>
		<dict>
			<key>fileEncoding</key>
			<string>4</string>
			<key>isa</key>
			<string>PBXFileReference</string>
			<key>lastKnownFileType</key>
			<string>sourcecode.c.objc</string>
			<key>path</key>
			<string>SWRevealViewController.m</string>
			<key>sourceTree</key>
			<string>&lt;group&gt;</string>
		</dict>
		<key>24C6DC2319F71ECF0080B89D</key>
		<dict>
			<key>fileRef</key>
			<string>24C6DC2219F71ECF0080B89D</string>
			<key>isa</key>
			<string>PBXBuildFile</string>
		</dict>
		<key>24C6DC2719F725FA0080B89D</key>
		<dict>
			<key>fileEncoding</key>
			<string>4</string>
			<key>isa</key>
			<string>PBXFileReference</string>
			<key>lastKnownFileType</key>
			<string>sourcecode.c.h</string>
			<key>name</key>
			<string>MenuLateralViewController.h</string>
			<key>path</key>
			<string>Interfaz/MenuLateralViewController.h</string>
			<key>sourceTree</key>
			<string>&lt;group&gt;</string>
		</dict>
		<key>24C6DC2819F725FA0080B89D</key>
		<dict>
			<key>fileEncoding</key>
			<string>4</string>
			<key>isa</key>
			<string>PBXFileReference</string>
			<key>lastKnownFileType</key>
			<string>sourcecode.c.objc</string>
			<key>name</key>
			<string>MenuLateralViewController.m</string>
			<key>path</key>
			<string>Interfaz/MenuLateralViewController.m</string>
			<key>sourceTree</key>
			<string>&lt;group&gt;</string>
		</dict>
		<key>24C6DC2919F725FA0080B89D</key>
		<dict>
			<key>fileRef</key>
			<string>24C6DC2819F725FA0080B89D</string>
			<key>isa</key>
			<string>PBXBuildFile</string>
		</dict>
		<key>45D72B8DDAD3F8939363446F</key>
		<dict>
			<key>buildActionMask</key>
			<string>2147483647</string>
			<key>files</key>
			<array/>
			<key>inputPaths</key>
			<array/>
			<key>isa</key>
			<string>PBXShellScriptBuildPhase</string>
			<key>name</key>
			<string>Check Pods Manifest.lock</string>
			<key>outputPaths</key>
			<array/>
			<key>runOnlyForDeploymentPostprocessing</key>
			<string>0</string>
			<key>shellPath</key>
			<string>/bin/sh</string>
			<key>shellScript</key>
			<string>diff "${PODS_ROOT}/../Podfile.lock" "${PODS_ROOT}/Manifest.lock" &gt; /dev/null
if [[ $? != 0 ]] ; then
    cat &lt;&lt; EOM
error: The sandbox is not in sync with the Podfile.lock. Run 'pod install' or update your CocoaPods installation.
EOM
    exit 1
fi
</string>
			<key>showEnvVarsInLog</key>
			<string>0</string>
		</dict>
		<key>5226453560A47D8EB8A20CD8</key>
		<dict>
			<key>buildActionMask</key>
			<string>2147483647</string>
			<key>files</key>
			<array/>
			<key>inputPaths</key>
			<array/>
			<key>isa</key>
			<string>PBXShellScriptBuildPhase</string>
			<key>name</key>
			<string>Copy Pods Resources</string>
			<key>outputPaths</key>
			<array/>
			<key>runOnlyForDeploymentPostprocessing</key>
			<string>0</string>
			<key>shellPath</key>
			<string>/bin/sh</string>
			<key>shellScript</key>
			<string>"${SRCROOT}/Pods/Target Support Files/Pods/Pods-resources.sh"
</string>
			<key>showEnvVarsInLog</key>
			<string>0</string>
		</dict>
		<key>9E9DD7A9F2A3533AE3427F97</key>
		<dict>
			<key>includeInIndex</key>
			<string>1</string>
			<key>isa</key>
			<string>PBXFileReference</string>
			<key>lastKnownFileType</key>
			<string>text.xcconfig</string>
			<key>name</key>
			<string>Pods.debug.xcconfig</string>
			<key>path</key>
			<string>Pods/Target Support Files/Pods/Pods.debug.xcconfig</string>
			<key>sourceTree</key>
			<string>&lt;group&gt;</string>
		</dict>
		<key>B80878321C40D335B5138154</key>
		<dict>
			<key>includeInIndex</key>
			<string>1</string>
			<key>isa</key>
			<string>PBXFileReference</string>
			<key>lastKnownFileType</key>
			<string>text.xcconfig</string>
			<key>name</key>
			<string>Pods.release.xcconfig</string>
			<key>path</key>
			<string>Pods/Target Support Files/Pods/Pods.release.xcconfig</string>
			<key>sourceTree</key>
			<string>&lt;group&gt;</string>
		</dict>
		<key>E2ED502A6DBACFD647956B16</key>
		<dict>
			<key>fileRef</key>
			<string>E57341C9E9FCC7174B689104</string>
			<key>isa</key>
			<string>PBXBuildFile</string>
		</dict>
		<key>E57341C9E9FCC7174B689104</key>
		<dict>
			<key>explicitFileType</key>
			<string>archive.ar</string>
			<key>includeInIndex</key>
			<string>0</string>
			<key>isa</key>
			<string>PBXFileReference</string>
			<key>path</key>
			<string>libPods.a</string>
			<key>sourceTree</key>
			<string>BUILT_PRODUCTS_DIR</string>
		</dict>
		<key>FE0B8F8F0AF5F2FEBA8CC15B</key>
		<dict>
			<key>children</key>
			<array>
				<string>E57341C9E9FCC7174B689104</string>
			</array>
			<key>isa</key>
			<string>PBXGroup</string>
			<key>name</key>
			<string>Frameworks</string>
			<key>sourceTree</key>
			<string>&lt;group&gt;</string>
		</dict>
	</dict>
	<key>rootObject</key>
	<string>24C6DBC219F70B2B0080B89D</string>
</dict>
</plist>
